
Microsoft Visual Studio Solution File, Format Version 12.00
# Visual Studio Version 16
VisualStudioVersion = 16.0.30503.244
MinimumVisualStudioVersion = 10.0.40219.1
Project("{8BC9CEB8-8B4A-11D0-8D11-00A0C91BC942}") = "if_else_ex1", "if_else_ex1\if_else_ex1.vcxproj", "{CAE6B93A-F5FD-47C7-BCF0-3AB2D5605E12}"
EndProject
Global
	GlobalSection(SolutionConfigurationPlatforms) = preSolution
		Debug|x64 = Debug|x64
		Debug|x86 = Debug|x86
		Release|x64 = Release|x64
		Release|x86 = Release|x86
	EndGlobalSection
	GlobalSection(ProjectConfigurationPlatforms) = postSolution
		{CAE6B93A-F5FD-47C7-BCF0-3AB2D5605E12}.Debug|x64.ActiveCfg = Debug|x64
		{CAE6B93A-F5FD-47C7-BCF0-3AB2D5605E12}.Debug|x64.Build.0 = Debug|x64
		{CAE6B93A-F5FD-47C7-BCF0-3AB2D5605E12}.Debug|x86.ActiveCfg = Debug|Win32
		{CAE6B93A-F5FD-47C7-BCF0-3AB2D5605E12}.Debug|x86.Build.0 = Debug|Win32
		{CAE6B93A-F5FD-47C7-BCF0-3AB2D5605E12}.Release|x64.ActiveCfg = Release|x64
		{CAE6B93A-F5FD-47C7-BCF0-3AB2D5605E12}.Release|x64.Build.0 = Release|x64
		{CAE6B93A-F5FD-47C7-BCF0-3AB2D5605E12}.Release|x86.ActiveCfg = Release|Win32
		{CAE6B93A-F5FD-47C7-BCF0-3AB2D5605E12}.Release|x86.Build.0 = Release|Win32
	EndGlobalSection
	GlobalSection(SolutionProperties) = preSolution
		HideSolutionNode = FALSE
	EndGlobalSection
	GlobalSection(ExtensibilityGlobals) = postSolution
		SolutionGuid = {2DE24686-4815-435F-B414-3530A3272070}
	EndGlobalSection
EndGlobal
