
Microsoft Visual Studio Solution File, Format Version 12.00
# Visual Studio Version 16
VisualStudioVersion = 16.0.30503.244
MinimumVisualStudioVersion = 10.0.40219.1
Project("{8BC9CEB8-8B4A-11D0-8D11-00A0C91BC942}") = "10장_도전(5)", "10장_도전(5)\10장_도전(5).vcxproj", "{FACD5684-9E53-4A1F-A16C-30770372C324}"
EndProject
Global
	GlobalSection(SolutionConfigurationPlatforms) = preSolution
		Debug|x64 = Debug|x64
		Debug|x86 = Debug|x86
		Release|x64 = Release|x64
		Release|x86 = Release|x86
	EndGlobalSection
	GlobalSection(ProjectConfigurationPlatforms) = postSolution
		{FACD5684-9E53-4A1F-A16C-30770372C324}.Debug|x64.ActiveCfg = Debug|x64
		{FACD5684-9E53-4A1F-A16C-30770372C324}.Debug|x64.Build.0 = Debug|x64
		{FACD5684-9E53-4A1F-A16C-30770372C324}.Debug|x86.ActiveCfg = Debug|Win32
		{FACD5684-9E53-4A1F-A16C-30770372C324}.Debug|x86.Build.0 = Debug|Win32
		{FACD5684-9E53-4A1F-A16C-30770372C324}.Release|x64.ActiveCfg = Release|x64
		{FACD5684-9E53-4A1F-A16C-30770372C324}.Release|x64.Build.0 = Release|x64
		{FACD5684-9E53-4A1F-A16C-30770372C324}.Release|x86.ActiveCfg = Release|Win32
		{FACD5684-9E53-4A1F-A16C-30770372C324}.Release|x86.Build.0 = Release|Win32
	EndGlobalSection
	GlobalSection(SolutionProperties) = preSolution
		HideSolutionNode = FALSE
	EndGlobalSection
	GlobalSection(ExtensibilityGlobals) = postSolution
		SolutionGuid = {B62A275E-C05E-4069-B59A-8CF605BFD8DA}
	EndGlobalSection
EndGlobal
