
Microsoft Visual Studio Solution File, Format Version 12.00
# Visual Studio Version 16
VisualStudioVersion = 16.0.30503.244
MinimumVisualStudioVersion = 10.0.40219.1
Project("{8BC9CEB8-8B4A-11D0-8D11-00A0C91BC942}") = "for_TwoToNineForVer", "for_TwoToNineForVer\for_TwoToNineForVer.vcxproj", "{091D324B-1D14-405F-A038-4D7C3797E8DE}"
EndProject
Global
	GlobalSection(SolutionConfigurationPlatforms) = preSolution
		Debug|x64 = Debug|x64
		Debug|x86 = Debug|x86
		Release|x64 = Release|x64
		Release|x86 = Release|x86
	EndGlobalSection
	GlobalSection(ProjectConfigurationPlatforms) = postSolution
		{091D324B-1D14-405F-A038-4D7C3797E8DE}.Debug|x64.ActiveCfg = Debug|x64
		{091D324B-1D14-405F-A038-4D7C3797E8DE}.Debug|x64.Build.0 = Debug|x64
		{091D324B-1D14-405F-A038-4D7C3797E8DE}.Debug|x86.ActiveCfg = Debug|Win32
		{091D324B-1D14-405F-A038-4D7C3797E8DE}.Debug|x86.Build.0 = Debug|Win32
		{091D324B-1D14-405F-A038-4D7C3797E8DE}.Release|x64.ActiveCfg = Release|x64
		{091D324B-1D14-405F-A038-4D7C3797E8DE}.Release|x64.Build.0 = Release|x64
		{091D324B-1D14-405F-A038-4D7C3797E8DE}.Release|x86.ActiveCfg = Release|Win32
		{091D324B-1D14-405F-A038-4D7C3797E8DE}.Release|x86.Build.0 = Release|Win32
	EndGlobalSection
	GlobalSection(SolutionProperties) = preSolution
		HideSolutionNode = FALSE
	EndGlobalSection
	GlobalSection(ExtensibilityGlobals) = postSolution
		SolutionGuid = {2BEF59B9-23C8-4319-A81F-C232E0F20EA9}
	EndGlobalSection
EndGlobal
